// !$*UTF8*$!
{
	archiveVersion = 1;
	classes = {
	};
	objectVersion = 55;
	objects = {

/* Begin PBXBuildFile section */
		656944BB28B5405E0056C8CC /* AppDelegate.swift in Sources */ = {isa = PBXBuildFile; fileRef = 656944BA28B5405E0056C8CC /* AppDelegate.swift */; };
		656944BD28B5405E0056C8CC /* SceneDelegate.swift in Sources */ = {isa = PBXBuildFile; fileRef = 656944BC28B5405E0056C8CC /* SceneDelegate.swift */; };
		656944BF28B5405E0056C8CC /* ChecktlistViewController.swift in Sources */ = {isa = PBXBuildFile; fileRef = 656944BE28B5405E0056C8CC /* ChecktlistViewController.swift */; };
		656944C228B5405E0056C8CC /* Main.storyboard in Resources */ = {isa = PBXBuildFile; fileRef = 656944C028B5405E0056C8CC /* Main.storyboard */; };
		656944C528B5405E0056C8CC /* Checklists.xcdatamodeld in Sources */ = {isa = PBXBuildFile; fileRef = 656944C328B5405E0056C8CC /* Checklists.xcdatamodeld */; };
		656944C728B540600056C8CC /* Assets.xcassets in Resources */ = {isa = PBXBuildFile; fileRef = 656944C628B540600056C8CC /* Assets.xcassets */; };
		656944CA28B540600056C8CC /* LaunchScreen.storyboard in Resources */ = {isa = PBXBuildFile; fileRef = 656944C828B540600056C8CC /* LaunchScreen.storyboard */; };
		656944D528B540610056C8CC /* ChecklistsTests.swift in Sources */ = {isa = PBXBuildFile; fileRef = 656944D428B540610056C8CC /* ChecklistsTests.swift */; };
		656944DF28B540610056C8CC /* ChecklistsUITests.swift in Sources */ = {isa = PBXBuildFile; fileRef = 656944DE28B540610056C8CC /* ChecklistsUITests.swift */; };
		656944E128B540610056C8CC /* ChecklistsUITestsLaunchTests.swift in Sources */ = {isa = PBXBuildFile; fileRef = 656944E028B540610056C8CC /* ChecklistsUITestsLaunchTests.swift */; };
		656944F228B808520056C8CC /* ChecklistItem.swift in Sources */ = {isa = PBXBuildFile; fileRef = 656944F128B808520056C8CC /* ChecklistItem.swift */; };
		656944FA28B94D1E0056C8CC /* ItemDetailViewController.swift in Sources */ = {isa = PBXBuildFile; fileRef = 656944F928B94D1E0056C8CC /* ItemDetailViewController.swift */; };
		65821AB128C12DE90032E928 /* AllListsViewController.swift in Sources */ = {isa = PBXBuildFile; fileRef = 65821AAF28C12DE90032E928 /* AllListsViewController.swift */; };
		65821AB428C24AD50032E928 /* Checklist.swift in Sources */ = {isa = PBXBuildFile; fileRef = 65821AB328C24AD50032E928 /* Checklist.swift */; };
		65821AB628C27A1A0032E928 /* ListDetailsViewController.swift in Sources */ = {isa = PBXBuildFile; fileRef = 65821AB528C27A190032E928 /* ListDetailsViewController.swift */; };
/* End PBXBuildFile section */

/* Begin PBXContainerItemProxy section */
		656944D128B540610056C8CC /* PBXContainerItemProxy */ = {
			isa = PBXContainerItemProxy;
			containerPortal = 656944AF28B5405E0056C8CC /* Project object */;
			proxyType = 1;
			remoteGlobalIDString = 656944B628B5405E0056C8CC;
			remoteInfo = Checklists;
		};
		656944DB28B540610056C8CC /* PBXContainerItemProxy */ = {
			isa = PBXContainerItemProxy;
			containerPortal = 656944AF28B5405E0056C8CC /* Project object */;
			proxyType = 1;
			remoteGlobalIDString = 656944B628B5405E0056C8CC;
			remoteInfo = Checklists;
		};
/* End PBXContainerItemProxy section */

/* Begin PBXFileReference section */
		656944B728B5405E0056C8CC /* Checklists.app */ = {isa = PBXFileReference; explicitFileType = wrapper.application; includeInIndex = 0; path = Checklists.app; sourceTree = BUILT_PRODUCTS_DIR; };
		656944BA28B5405E0056C8CC /* AppDelegate.swift */ = {isa = PBXFileReference; lastKnownFileType = sourcecode.swift; path = AppDelegate.swift; sourceTree = "<group>"; };
		656944BC28B5405E0056C8CC /* SceneDelegate.swift */ = {isa = PBXFileReference; lastKnownFileType = sourcecode.swift; path = SceneDelegate.swift; sourceTree = "<group>"; };
		656944BE28B5405E0056C8CC /* ChecktlistViewController.swift */ = {isa = PBXFileReference; lastKnownFileType = sourcecode.swift; path = ChecktlistViewController.swift; sourceTree = "<group>"; };
		656944C128B5405E0056C8CC /* Base */ = {isa = PBXFileReference; lastKnownFileType = file.storyboard; name = Base; path = Base.lproj/Main.storyboard; sourceTree = "<group>"; };
		656944C428B5405E0056C8CC /* Checklists.xcdatamodel */ = {isa = PBXFileReference; lastKnownFileType = wrapper.xcdatamodel; path = Checklists.xcdatamodel; sourceTree = "<group>"; };
		656944C628B540600056C8CC /* Assets.xcassets */ = {isa = PBXFileReference; lastKnownFileType = folder.assetcatalog; path = Assets.xcassets; sourceTree = "<group>"; };
		656944C928B540600056C8CC /* Base */ = {isa = PBXFileReference; lastKnownFileType = file.storyboard; name = Base; path = Base.lproj/LaunchScreen.storyboard; sourceTree = "<group>"; };
		656944CB28B540600056C8CC /* Info.plist */ = {isa = PBXFileReference; lastKnownFileType = text.plist.xml; path = Info.plist; sourceTree = "<group>"; };
		656944D028B540610056C8CC /* ChecklistsTests.xctest */ = {isa = PBXFileReference; explicitFileType = wrapper.cfbundle; includeInIndex = 0; path = ChecklistsTests.xctest; sourceTree = BUILT_PRODUCTS_DIR; };
		656944D428B540610056C8CC /* ChecklistsTests.swift */ = {isa = PBXFileReference; lastKnownFileType = sourcecode.swift; path = ChecklistsTests.swift; sourceTree = "<group>"; };
		656944DA28B540610056C8CC /* ChecklistsUITests.xctest */ = {isa = PBXFileReference; explicitFileType = wrapper.cfbundle; includeInIndex = 0; path = ChecklistsUITests.xctest; sourceTree = BUILT_PRODUCTS_DIR; };
		656944DE28B540610056C8CC /* ChecklistsUITests.swift */ = {isa = PBXFileReference; lastKnownFileType = sourcecode.swift; path = ChecklistsUITests.swift; sourceTree = "<group>"; };
		656944E028B540610056C8CC /* ChecklistsUITestsLaunchTests.swift */ = {isa = PBXFileReference; lastKnownFileType = sourcecode.swift; path = ChecklistsUITestsLaunchTests.swift; sourceTree = "<group>"; };
		656944F128B808520056C8CC /* ChecklistItem.swift */ = {isa = PBXFileReference; lastKnownFileType = sourcecode.swift; path = ChecklistItem.swift; sourceTree = "<group>"; };
		656944F928B94D1E0056C8CC /* ItemDetailViewController.swift */ = {isa = PBXFileReference; lastKnownFileType = sourcecode.swift; path = ItemDetailViewController.swift; sourceTree = "<group>"; };
		65821AAF28C12DE90032E928 /* AllListsViewController.swift */ = {isa = PBXFileReference; lastKnownFileType = sourcecode.swift; path = AllListsViewController.swift; sourceTree = "<group>"; };
		65821AB328C24AD50032E928 /* Checklist.swift */ = {isa = PBXFileReference; lastKnownFileType = sourcecode.swift; path = Checklist.swift; sourceTree = "<group>"; };
		65821AB528C27A190032E928 /* ListDetailsViewController.swift */ = {isa = PBXFileReference; lastKnownFileType = sourcecode.swift; path = ListDetailsViewController.swift; sourceTree = "<group>"; };
/* End PBXFileReference section */

/* Begin PBXFrameworksBuildPhase section */
		656944B428B5405E0056C8CC /* Frameworks */ = {
			isa = PBXFrameworksBuildPhase;
			buildActionMask = 2147483647;
			files = (
			);
			runOnlyForDeploymentPostprocessing = 0;
		};
		656944CD28B540610056C8CC /* Frameworks */ = {
			isa = PBXFrameworksBuildPhase;
			buildActionMask = 2147483647;
			files = (
			);
			runOnlyForDeploymentPostprocessing = 0;
		};
		656944D728B540610056C8CC /* Frameworks */ = {
			isa = PBXFrameworksBuildPhase;
			buildActionMask = 2147483647;
			files = (
			);
			runOnlyForDeploymentPostprocessing = 0;
		};
/* End PBXFrameworksBuildPhase section */

/* Begin PBXGroup section */
		656944AE28B5405E0056C8CC = {
			isa = PBXGroup;
			children = (
				656944B928B5405E0056C8CC /* Checklists */,
				656944D328B540610056C8CC /* ChecklistsTests */,
				656944DD28B540610056C8CC /* ChecklistsUITests */,
				656944B828B5405E0056C8CC /* Products */,
			);
			sourceTree = "<group>";
		};
		656944B828B5405E0056C8CC /* Products */ = {
			isa = PBXGroup;
			children = (
				656944B728B5405E0056C8CC /* Checklists.app */,
				656944D028B540610056C8CC /* ChecklistsTests.xctest */,
				656944DA28B540610056C8CC /* ChecklistsUITests.xctest */,
			);
			name = Products;
			sourceTree = "<group>";
		};
		656944B928B5405E0056C8CC /* Checklists */ = {
			isa = PBXGroup;
			children = (
				656944F728B808910056C8CC /* AppDelegate */,
				656944F628B8087E0056C8CC /* Resources */,
				656944F328B808580056C8CC /* Model */,
				656944F428B808660056C8CC /* View */,
			);
			path = Checklists;
			sourceTree = "<group>";
		};
		656944D328B540610056C8CC /* ChecklistsTests */ = {
			isa = PBXGroup;
			children = (
				656944D428B540610056C8CC /* ChecklistsTests.swift */,
			);
			path = ChecklistsTests;
			sourceTree = "<group>";
		};
		656944DD28B540610056C8CC /* ChecklistsUITests */ = {
			isa = PBXGroup;
			children = (
				656944DE28B540610056C8CC /* ChecklistsUITests.swift */,
				656944E028B540610056C8CC /* ChecklistsUITestsLaunchTests.swift */,
			);
			path = ChecklistsUITests;
			sourceTree = "<group>";
		};
		656944F328B808580056C8CC /* Model */ = {
			isa = PBXGroup;
			children = (
				656944F128B808520056C8CC /* ChecklistItem.swift */,
				65821AB328C24AD50032E928 /* Checklist.swift */,
			);
			path = Model;
			sourceTree = "<group>";
		};
		656944F428B808660056C8CC /* View */ = {
			isa = PBXGroup;
			children = (
				656944F528B8086F0056C8CC /* Main */,
			);
			path = View;
			sourceTree = "<group>";
		};
		656944F528B8086F0056C8CC /* Main */ = {
			isa = PBXGroup;
			children = (
				656944C028B5405E0056C8CC /* Main.storyboard */,
				65821AB528C27A190032E928 /* ListDetailsViewController.swift */,
				65821AAF28C12DE90032E928 /* AllListsViewController.swift */,
				656944BE28B5405E0056C8CC /* ChecktlistViewController.swift */,
				656944F928B94D1E0056C8CC /* ItemDetailViewController.swift */,
			);
			path = Main;
			sourceTree = "<group>";
		};
		656944F628B8087E0056C8CC /* Resources */ = {
			isa = PBXGroup;
			children = (
				656944C628B540600056C8CC /* Assets.xcassets */,
				656944C828B540600056C8CC /* LaunchScreen.storyboard */,
				656944CB28B540600056C8CC /* Info.plist */,
				656944C328B5405E0056C8CC /* Checklists.xcdatamodeld */,
			);
			path = Resources;
			sourceTree = "<group>";
		};
		656944F728B808910056C8CC /* AppDelegate */ = {
			isa = PBXGroup;
			children = (
				656944BA28B5405E0056C8CC /* AppDelegate.swift */,
				656944BC28B5405E0056C8CC /* SceneDelegate.swift */,
			);
			path = AppDelegate;
			sourceTree = "<group>";
		};
/* End PBXGroup section */

/* Begin PBXNativeTarget section */
		656944B628B5405E0056C8CC /* Checklists */ = {
			isa = PBXNativeTarget;
			buildConfigurationList = 656944E428B540610056C8CC /* Build configuration list for PBXNativeTarget "Checklists" */;
			buildPhases = (
				656944B328B5405E0056C8CC /* Sources */,
				656944B428B5405E0056C8CC /* Frameworks */,
				656944B528B5405E0056C8CC /* Resources */,
			);
			buildRules = (
			);
			dependencies = (
			);
			name = Checklists;
			productName = Checklists;
			productReference = 656944B728B5405E0056C8CC /* Checklists.app */;
			productType = "com.apple.product-type.application";
		};
		656944CF28B540610056C8CC /* ChecklistsTests */ = {
			isa = PBXNativeTarget;
			buildConfigurationList = 656944E728B540610056C8CC /* Build configuration list for PBXNativeTarget "ChecklistsTests" */;
			buildPhases = (
				656944CC28B540610056C8CC /* Sources */,
				656944CD28B540610056C8CC /* Frameworks */,
				656944CE28B540610056C8CC /* Resources */,
			);
			buildRules = (
			);
			dependencies = (
				656944D228B540610056C8CC /* PBXTargetDependency */,
			);
			name = ChecklistsTests;
			productName = ChecklistsTests;
			productReference = 656944D028B540610056C8CC /* ChecklistsTests.xctest */;
			productType = "com.apple.product-type.bundle.unit-test";
		};
		656944D928B540610056C8CC /* ChecklistsUITests */ = {
			isa = PBXNativeTarget;
			buildConfigurationList = 656944EA28B540610056C8CC /* Build configuration list for PBXNativeTarget "ChecklistsUITests" */;
			buildPhases = (
				656944D628B540610056C8CC /* Sources */,
				656944D728B540610056C8CC /* Frameworks */,
				656944D828B540610056C8CC /* Resources */,
			);
			buildRules = (
			);
			dependencies = (
				656944DC28B540610056C8CC /* PBXTargetDependency */,
			);
			name = ChecklistsUITests;
			productName = ChecklistsUITests;
			productReference = 656944DA28B540610056C8CC /* ChecklistsUITests.xctest */;
			productType = "com.apple.product-type.bundle.ui-testing";
		};
/* End PBXNativeTarget section */

/* Begin PBXProject section */
		656944AF28B5405E0056C8CC /* Project object */ = {
			isa = PBXProject;
			attributes = {
				BuildIndependentTargetsInParallel = 1;
				LastSwiftUpdateCheck = 1330;
				LastUpgradeCheck = 1330;
				TargetAttributes = {
					656944B628B5405E0056C8CC = {
						CreatedOnToolsVersion = 13.3;
					};
					656944CF28B540610056C8CC = {
						CreatedOnToolsVersion = 13.3;
						TestTargetID = 656944B628B5405E0056C8CC;
					};
					656944D928B540610056C8CC = {
						CreatedOnToolsVersion = 13.3;
						TestTargetID = 656944B628B5405E0056C8CC;
					};
				};
			};
			buildConfigurationList = 656944B228B5405E0056C8CC /* Build configuration list for PBXProject "Checklists" */;
			compatibilityVersion = "Xcode 13.0";
			developmentRegion = en;
			hasScannedForEncodings = 0;
			knownRegions = (
				en,
				Base,
			);
			mainGroup = 656944AE28B5405E0056C8CC;
			productRefGroup = 656944B828B5405E0056C8CC /* Products */;
			projectDirPath = "";
			projectRoot = "";
			targets = (
				656944B628B5405E0056C8CC /* Checklists */,
				656944CF28B540610056C8CC /* ChecklistsTests */,
				656944D928B540610056C8CC /* ChecklistsUITests */,
			);
		};
/* End PBXProject section */

/* Begin PBXResourcesBuildPhase section */
		656944B528B5405E0056C8CC /* Resources */ = {
			isa = PBXResourcesBuildPhase;
			buildActionMask = 2147483647;
			files = (
				656944CA28B540600056C8CC /* LaunchScreen.storyboard in Resources */,
				656944C728B540600056C8CC /* Assets.xcassets in Resources */,
				656944C228B5405E0056C8CC /* Main.storyboard in Resources */,
			);
			runOnlyForDeploymentPostprocessing = 0;
		};
		656944CE28B540610056C8CC /* Resources */ = {
			isa = PBXResourcesBuildPhase;
			buildActionMask = 2147483647;
			files = (
			);
			runOnlyForDeploymentPostprocessing = 0;
		};
		656944D828B540610056C8CC /* Resources */ = {
			isa = PBXResourcesBuildPhase;
			buildActionMask = 2147483647;
			files = (
			);
			runOnlyForDeploymentPostprocessing = 0;
		};
/* End PBXResourcesBuildPhase section */

/* Begin PBXSourcesBuildPhase section */
		656944B328B5405E0056C8CC /* Sources */ = {
			isa = PBXSourcesBuildPhase;
			buildActionMask = 2147483647;
			files = (
				656944C528B5405E0056C8CC /* Checklists.xcdatamodeld in Sources */,
				65821AB128C12DE90032E928 /* AllListsViewController.swift in Sources */,
				656944F228B808520056C8CC /* ChecklistItem.swift in Sources */,
				656944BF28B5405E0056C8CC /* ChecktlistViewController.swift in Sources */,
				656944BB28B5405E0056C8CC /* AppDelegate.swift in Sources */,
				65821AB428C24AD50032E928 /* Checklist.swift in Sources */,
				65821AB628C27A1A0032E928 /* ListDetailsViewController.swift in Sources */,
				656944BD28B5405E0056C8CC /* SceneDelegate.swift in Sources */,
				656944FA28B94D1E0056C8CC /* ItemDetailViewController.swift in Sources */,
			);
			runOnlyForDeploymentPostprocessing = 0;
		};
		656944CC28B540610056C8CC /* Sources */ = {
			isa = PBXSourcesBuildPhase;
			buildActionMask = 2147483647;
			files = (
				656944D528B540610056C8CC /* ChecklistsTests.swift in Sources */,
			);
			runOnlyForDeploymentPostprocessing = 0;
		};
		656944D628B540610056C8CC /* Sources */ = {
			isa = PBXSourcesBuildPhase;
			buildActionMask = 2147483647;
			files = (
				656944DF28B540610056C8CC /* ChecklistsUITests.swift in Sources */,
				656944E128B540610056C8CC /* ChecklistsUITestsLaunchTests.swift in Sources */,
			);
			runOnlyForDeploymentPostprocessing = 0;
		};
/* End PBXSourcesBuildPhase section */

/* Begin PBXTargetDependency section */
		656944D228B540610056C8CC /* PBXTargetDependency */ = {
			isa = PBXTargetDependency;
			target = 656944B628B5405E0056C8CC /* Checklists */;
			targetProxy = 656944D128B540610056C8CC /* PBXContainerItemProxy */;
		};
		656944DC28B540610056C8CC /* PBXTargetDependency */ = {
			isa = PBXTargetDependency;
			target = 656944B628B5405E0056C8CC /* Checklists */;
			targetProxy = 656944DB28B540610056C8CC /* PBXContainerItemProxy */;
		};
/* End PBXTargetDependency section */

/* Begin PBXVariantGroup section */
		656944C028B5405E0056C8CC /* Main.storyboard */ = {
			isa = PBXVariantGroup;
			children = (
				656944C128B5405E0056C8CC /* Base */,
			);
			name = Main.storyboard;
			sourceTree = "<group>";
		};
		656944C828B540600056C8CC /* LaunchScreen.storyboard */ = {
			isa = PBXVariantGroup;
			children = (
				656944C928B540600056C8CC /* Base */,
			);
			name = LaunchScreen.storyboard;
			sourceTree = "<group>";
		};
/* End PBXVariantGroup section */

/* Begin XCBuildConfiguration section */
		656944E228B540610056C8CC /* Debug */ = {
			isa = XCBuildConfiguration;
			buildSettings = {
				ALWAYS_SEARCH_USER_PATHS = NO;
				CLANG_ANALYZER_NONNULL = YES;
				CLANG_ANALYZER_NUMBER_OBJECT_CONVERSION = YES_AGGRESSIVE;
				CLANG_CXX_LANGUAGE_STANDARD = "gnu++17";
				CLANG_ENABLE_MODULES = YES;
				CLANG_ENABLE_OBJC_ARC = YES;
				CLANG_ENABLE_OBJC_WEAK = YES;
				CLANG_WARN_BLOCK_CAPTURE_AUTORELEASING = YES;
				CLANG_WARN_BOOL_CONVERSION = YES;
				CLANG_WARN_COMMA = YES;
				CLANG_WARN_CONSTANT_CONVERSION = YES;
				CLANG_WARN_DEPRECATED_OBJC_IMPLEMENTATIONS = YES;
				CLANG_WARN_DIRECT_OBJC_ISA_USAGE = YES_ERROR;
				CLANG_WARN_DOCUMENTATION_COMMENTS = YES;
				CLANG_WARN_EMPTY_BODY = YES;
				CLANG_WARN_ENUM_CONVERSION = YES;
				CLANG_WARN_INFINITE_RECURSION = YES;
				CLANG_WARN_INT_CONVERSION = YES;
				CLANG_WARN_NON_LITERAL_NULL_CONVERSION = YES;
				CLANG_WARN_OBJC_IMPLICIT_RETAIN_SELF = YES;
				CLANG_WARN_OBJC_LITERAL_CONVERSION = YES;
				CLANG_WARN_OBJC_ROOT_CLASS = YES_ERROR;
				CLANG_WARN_QUOTED_INCLUDE_IN_FRAMEWORK_HEADER = YES;
				CLANG_WARN_RANGE_LOOP_ANALYSIS = YES;
				CLANG_WARN_STRICT_PROTOTYPES = YES;
				CLANG_WARN_SUSPICIOUS_MOVE = YES;
				CLANG_WARN_UNGUARDED_AVAILABILITY = YES_AGGRESSIVE;
				CLANG_WARN_UNREACHABLE_CODE = YES;
				CLANG_WARN__DUPLICATE_METHOD_MATCH = YES;
				COPY_PHASE_STRIP = NO;
				DEBUG_INFORMATION_FORMAT = dwarf;
				ENABLE_STRICT_OBJC_MSGSEND = YES;
				ENABLE_TESTABILITY = YES;
				GCC_C_LANGUAGE_STANDARD = gnu11;
				GCC_DYNAMIC_NO_PIC = NO;
				GCC_NO_COMMON_BLOCKS = YES;
				GCC_OPTIMIZATION_LEVEL = 0;
				GCC_PREPROCESSOR_DEFINITIONS = (
					"DEBUG=1",
					"$(inherited)",
				);
				GCC_WARN_64_TO_32_BIT_CONVERSION = YES;
				GCC_WARN_ABOUT_RETURN_TYPE = YES_ERROR;
				GCC_WARN_UNDECLARED_SELECTOR = YES;
				GCC_WARN_UNINITIALIZED_AUTOS = YES_AGGRESSIVE;
				GCC_WARN_UNUSED_FUNCTION = YES;
				GCC_WARN_UNUSED_VARIABLE = YES;
				IPHONEOS_DEPLOYMENT_TARGET = 15.4;
				MTL_ENABLE_DEBUG_INFO = INCLUDE_SOURCE;
				MTL_FAST_MATH = YES;
				ONLY_ACTIVE_ARCH = YES;
				SDKROOT = iphoneos;
				SWIFT_ACTIVE_COMPILATION_CONDITIONS = DEBUG;
				SWIFT_OPTIMIZATION_LEVEL = "-Onone";
			};
			name = Debug;
		};
		656944E328B540610056C8CC /* Release */ = {
			isa = XCBuildConfiguration;
			buildSettings = {
				ALWAYS_SEARCH_USER_PATHS = NO;
				CLANG_ANALYZER_NONNULL = YES;
				CLANG_ANALYZER_NUMBER_OBJECT_CONVERSION = YES_AGGRESSIVE;
				CLANG_CXX_LANGUAGE_STANDARD = "gnu++17";
				CLANG_ENABLE_MODULES = YES;
				CLANG_ENABLE_OBJC_ARC = YES;
				CLANG_ENABLE_OBJC_WEAK = YES;
				CLANG_WARN_BLOCK_CAPTURE_AUTORELEASING = YES;
				CLANG_WARN_BOOL_CONVERSION = YES;
				CLANG_WARN_COMMA = YES;
				CLANG_WARN_CONSTANT_CONVERSION = YES;
				CLANG_WARN_DEPRECATED_OBJC_IMPLEMENTATIONS = YES;
				CLANG_WARN_DIRECT_OBJC_ISA_USAGE = YES_ERROR;
				CLANG_WARN_DOCUMENTATION_COMMENTS = YES;
				CLANG_WARN_EMPTY_BODY = YES;
				CLANG_WARN_ENUM_CONVERSION = YES;
				CLANG_WARN_INFINITE_RECURSION = YES;
				CLANG_WARN_INT_CONVERSION = YES;
				CLANG_WARN_NON_LITERAL_NULL_CONVERSION = YES;
				CLANG_WARN_OBJC_IMPLICIT_RETAIN_SELF = YES;
				CLANG_WARN_OBJC_LITERAL_CONVERSION = YES;
				CLANG_WARN_OBJC_ROOT_CLASS = YES_ERROR;
				CLANG_WARN_QUOTED_INCLUDE_IN_FRAMEWORK_HEADER = YES;
				CLANG_WARN_RANGE_LOOP_ANALYSIS = YES;
				CLANG_WARN_STRICT_PROTOTYPES = YES;
				CLANG_WARN_SUSPICIOUS_MOVE = YES;
				CLANG_WARN_UNGUARDED_AVAILABILITY = YES_AGGRESSIVE;
				CLANG_WARN_UNREACHABLE_CODE = YES;
				CLANG_WARN__DUPLICATE_METHOD_MATCH = YES;
				COPY_PHASE_STRIP = NO;
				DEBUG_INFORMATION_FORMAT = "dwarf-with-dsym";
				ENABLE_NS_ASSERTIONS = NO;
				ENABLE_STRICT_OBJC_MSGSEND = YES;
				GCC_C_LANGUAGE_STANDARD = gnu11;
				GCC_NO_COMMON_BLOCKS = YES;
				GCC_WARN_64_TO_32_BIT_CONVERSION = YES;
				GCC_WARN_ABOUT_RETURN_TYPE = YES_ERROR;
				GCC_WARN_UNDECLARED_SELECTOR = YES;
				GCC_WARN_UNINITIALIZED_AUTOS = YES_AGGRESSIVE;
				GCC_WARN_UNUSED_FUNCTION = YES;
				GCC_WARN_UNUSED_VARIABLE = YES;
				IPHONEOS_DEPLOYMENT_TARGET = 15.4;
				MTL_ENABLE_DEBUG_INFO = NO;
				MTL_FAST_MATH = YES;
				SDKROOT = iphoneos;
				SWIFT_COMPILATION_MODE = wholemodule;
				SWIFT_OPTIMIZATION_LEVEL = "-O";
				VALIDATE_PRODUCT = YES;
			};
			name = Release;
		};
		656944E528B540610056C8CC /* Debug */ = {
			isa = XCBuildConfiguration;
			buildSettings = {
				ASSETCATALOG_COMPILER_APPICON_NAME = AppIcon;
				ASSETCATALOG_COMPILER_GLOBAL_ACCENT_COLOR_NAME = AccentColor;
				CODE_SIGN_STYLE = Automatic;
				CURRENT_PROJECT_VERSION = 1;
				DEVELOPMENT_TEAM = NTRW2Q55W3;
				GENERATE_INFOPLIST_FILE = YES;
				INFOPLIST_FILE = Checklists/Info.plist;
				INFOPLIST_KEY_UIApplicationSupportsIndirectInputEvents = YES;
				INFOPLIST_KEY_UILaunchStoryboardName = LaunchScreen;
				INFOPLIST_KEY_UIMainStoryboardFile = Main;
				INFOPLIST_KEY_UISupportedInterfaceOrientations_iPad = "UIInterfaceOrientationPortrait UIInterfaceOrientationPortraitUpsideDown UIInterfaceOrientationLandscapeLeft UIInterfaceOrientationLandscapeRight";
				INFOPLIST_KEY_UISupportedInterfaceOrientations_iPhone = "UIInterfaceOrientationPortrait UIInterfaceOrientationLandscapeLeft UIInterfaceOrientationLandscapeRight";
				LD_RUNPATH_SEARCH_PATHS = (
					"$(inherited)",
					"@executable_path/Frameworks",
				);
				MARKETING_VERSION = 1.0;
				PRODUCT_BUNDLE_IDENTIFIER = com.gabrieldcc.Checklists;
				PRODUCT_NAME = "$(TARGET_NAME)";
				SWIFT_EMIT_LOC_STRINGS = YES;
				SWIFT_VERSION = 5.0;
				TARGETED_DEVICE_FAMILY = "1,2";
			};
			name = Debug;
		};
		656944E628B540610056C8CC /* Release */ = {
			isa = XCBuildConfiguration;
			buildSettings = {
				ASSETCATALOG_COMPILER_APPICON_NAME = AppIcon;
				ASSETCATALOG_COMPILER_GLOBAL_ACCENT_COLOR_NAME = AccentColor;
				CODE_SIGN_STYLE = Automatic;
				CURRENT_PROJECT_VERSION = 1;
				DEVELOPMENT_TEAM = NTRW2Q55W3;
				GENERATE_INFOPLIST_FILE = YES;
				INFOPLIST_FILE = Checklists/Info.plist;
				INFOPLIST_KEY_UIApplicationSupportsIndirectInputEvents = YES;
				INFOPLIST_KEY_UILaunchStoryboardName = LaunchScreen;
				INFOPLIST_KEY_UIMainStoryboardFile = Main;
				INFOPLIST_KEY_UISupportedInterfaceOrientations_iPad = "UIInterfaceOrientationPortrait UIInterfaceOrientationPortraitUpsideDown UIInterfaceOrientationLandscapeLeft UIInterfaceOrientationLandscapeRight";
				INFOPLIST_KEY_UISupportedInterfaceOrientations_iPhone = "UIInterfaceOrientationPortrait UIInterfaceOrientationLandscapeLeft UIInterfaceOrientationLandscapeRight";
				LD_RUNPATH_SEARCH_PATHS = (
					"$(inherited)",
					"@executable_path/Frameworks",
				);
				MARKETING_VERSION = 1.0;
				PRODUCT_BUNDLE_IDENTIFIER = com.gabrieldcc.Checklists;
				PRODUCT_NAME = "$(TARGET_NAME)";
				SWIFT_EMIT_LOC_STRINGS = YES;
				SWIFT_VERSION = 5.0;
				TARGETED_DEVICE_FAMILY = "1,2";
			};
			name = Release;
		};
		656944E828B540610056C8CC /* Debug */ = {
			isa = XCBuildConfiguration;
			buildSettings = {
				ALWAYS_EMBED_SWIFT_STANDARD_LIBRARIES = YES;
				BUNDLE_LOADER = "$(TEST_HOST)";
				CODE_SIGN_STYLE = Automatic;
				CURRENT_PROJECT_VERSION = 1;
				DEVELOPMENT_TEAM = NTRW2Q55W3;
				GENERATE_INFOPLIST_FILE = YES;
				IPHONEOS_DEPLOYMENT_TARGET = 15.4;
				MARKETING_VERSION = 1.0;
				PRODUCT_BUNDLE_IDENTIFIER = com.gabrieldcc.ChecklistsTests;
				PRODUCT_NAME = "$(TARGET_NAME)";
				SWIFT_EMIT_LOC_STRINGS = NO;
				SWIFT_VERSION = 5.0;
				TARGETED_DEVICE_FAMILY = "1,2";
				TEST_HOST = "$(BUILT_PRODUCTS_DIR)/Checklists.app/Checklists";
			};
			name = Debug;
		};
		656944E928B540610056C8CC /* Release */ = {
			isa = XCBuildConfiguration;
			buildSettings = {
				ALWAYS_EMBED_SWIFT_STANDARD_LIBRARIES = YES;
				BUNDLE_LOADER = "$(TEST_HOST)";
				CODE_SIGN_STYLE = Automatic;
				CURRENT_PROJECT_VERSION = 1;
				DEVELOPMENT_TEAM = NTRW2Q55W3;
				GENERATE_INFOPLIST_FILE = YES;
				IPHONEOS_DEPLOYMENT_TARGET = 15.4;
				MARKETING_VERSION = 1.0;
				PRODUCT_BUNDLE_IDENTIFIER = com.gabrieldcc.ChecklistsTests;
				PRODUCT_NAME = "$(TARGET_NAME)";
				SWIFT_EMIT_LOC_STRINGS = NO;
				SWIFT_VERSION = 5.0;
				TARGETED_DEVICE_FAMILY = "1,2";
				TEST_HOST = "$(BUILT_PRODUCTS_DIR)/Checklists.app/Checklists";
			};
			name = Release;
		};
		656944EB28B540610056C8CC /* Debug */ = {
			isa = XCBuildConfiguration;
			buildSettings = {
				ALWAYS_EMBED_SWIFT_STANDARD_LIBRARIES = YES;
				CODE_SIGN_STYLE = Automatic;
				CURRENT_PROJECT_VERSION = 1;
				DEVELOPMENT_TEAM = NTRW2Q55W3;
				GENERATE_INFOPLIST_FILE = YES;
				MARKETING_VERSION = 1.0;
				PRODUCT_BUNDLE_IDENTIFIER = com.gabrieldcc.ChecklistsUITests;
				PRODUCT_NAME = "$(TARGET_NAME)";
				SWIFT_EMIT_LOC_STRINGS = NO;
				SWIFT_VERSION = 5.0;
				TARGETED_DEVICE_FAMILY = "1,2";
				TEST_TARGET_NAME = Checklists;
			};
			name = Debug;
		};
		656944EC28B540610056C8CC /* Release */ = {
			isa = XCBuildConfiguration;
			buildSettings = {
				ALWAYS_EMBED_SWIFT_STANDARD_LIBRARIES = YES;
				CODE_SIGN_STYLE = Automatic;
				CURRENT_PROJECT_VERSION = 1;
				DEVELOPMENT_TEAM = NTRW2Q55W3;
				GENERATE_INFOPLIST_FILE = YES;
				MARKETING_VERSION = 1.0;
				PRODUCT_BUNDLE_IDENTIFIER = com.gabrieldcc.ChecklistsUITests;
				PRODUCT_NAME = "$(TARGET_NAME)";
				SWIFT_EMIT_LOC_STRINGS = NO;
				SWIFT_VERSION = 5.0;
				TARGETED_DEVICE_FAMILY = "1,2";
				TEST_TARGET_NAME = Checklists;
			};
			name = Release;
		};
/* End XCBuildConfiguration section */

/* Begin XCConfigurationList section */
		656944B228B5405E0056C8CC /* Build configuration list for PBXProject "Checklists" */ = {
			isa = XCConfigurationList;
			buildConfigurations = (
				656944E228B540610056C8CC /* Debug */,
				656944E328B540610056C8CC /* Release */,
			);
			defaultConfigurationIsVisible = 0;
			defaultConfigurationName = Release;
		};
		656944E428B540610056C8CC /* Build configuration list for PBXNativeTarget "Checklists" */ = {
			isa = XCConfigurationList;
			buildConfigurations = (
				656944E528B540610056C8CC /* Debug */,
				656944E628B540610056C8CC /* Release */,
			);
			defaultConfigurationIsVisible = 0;
			defaultConfigurationName = Release;
		};
		656944E728B540610056C8CC /* Build configuration list for PBXNativeTarget "ChecklistsTests" */ = {
			isa = XCConfigurationList;
			buildConfigurations = (
				656944E828B540610056C8CC /* Debug */,
				656944E928B540610056C8CC /* Release */,
			);
			defaultConfigurationIsVisible = 0;
			defaultConfigurationName = Release;
		};
		656944EA28B540610056C8CC /* Build configuration list for PBXNativeTarget "ChecklistsUITests" */ = {
			isa = XCConfigurationList;
			buildConfigurations = (
				656944EB28B540610056C8CC /* Debug */,
				656944EC28B540610056C8CC /* Release */,
			);
			defaultConfigurationIsVisible = 0;
			defaultConfigurationName = Release;
		};
/* End XCConfigurationList section */

/* Begin XCVersionGroup section */
		656944C328B5405E0056C8CC /* Checklists.xcdatamodeld */ = {
			isa = XCVersionGroup;
			children = (
				656944C428B5405E0056C8CC /* Checklists.xcdatamodel */,
			);
			currentVersion = 656944C428B5405E0056C8CC /* Checklists.xcdatamodel */;
			path = Checklists.xcdatamodeld;
			sourceTree = "<group>";
			versionGroupType = wrapper.xcdatamodel;
		};
/* End XCVersionGroup section */
	};
	rootObject = 656944AF28B5405E0056C8CC /* Project object */;
}
